
Microsoft Visual Studio Solution File, Format Version 12.00
# Visual Studio Version 17
VisualStudioVersion = 17.3.32901.215
MinimumVisualStudioVersion = 10.0.40219.1
Project("{FAE04EC0-301F-11D3-BF4B-00C04F79EFBC}") = "Banking", "Banking\Banking.csproj", "{06029AB0-3FD8-4333-B3C1-DB195F346455}"
EndProject
Global
	GlobalSection(SolutionConfigurationPlatforms) = preSolution
		Debug|Any CPU = Debug|Any CPU
		Release|Any CPU = Release|Any CPU
	EndGlobalSection
	GlobalSection(ProjectConfigurationPlatforms) = postSolution
		{06029AB0-3FD8-4333-B3C1-DB195F346455}.Debug|Any CPU.ActiveCfg = Debug|Any CPU
		{06029AB0-3FD8-4333-B3C1-DB195F346455}.Debug|Any CPU.Build.0 = Debug|Any CPU
		{06029AB0-3FD8-4333-B3C1-DB195F346455}.Release|Any CPU.ActiveCfg = Release|Any CPU
		{06029AB0-3FD8-4333-B3C1-DB195F346455}.Release|Any CPU.Build.0 = Release|Any CPU
	EndGlobalSection
	GlobalSection(SolutionProperties) = preSolution
		HideSolutionNode = FALSE
	EndGlobalSection
	GlobalSection(ExtensibilityGlobals) = postSolution
		SolutionGuid = {58775F8F-8058-416C-B64B-96FC43193A42}
	EndGlobalSection
EndGlobal
